<?xml version="1.0" encoding="utf-8"?>
<Project ToolsVersion="4.0" xmlns="http://schemas.microsoft.com/developer/msbuild/2003">
  <ItemGroup>
    <Filter Include="Source Files">
      <UniqueIdentifier>{4FC737F1-C7A5-4376-A066-2A32D752A2FF}</UniqueIdentifier>
      <Extensions>cpp;c;cc;cxx;def;odl;idl;hpj;bat;asm;asmx</Extensions>
    </Filter>
    <Filter Include="Header Files">
      <UniqueIdentifier>{93995380-89BD-4b04-88EB-625FBE52EBFB}</UniqueIdentifier>
      <Extensions>h;hh;hpp;hxx;hm;inl;inc;xsd</Extensions>
    </Filter>
    <Filter Include="Resource Files">
      <UniqueIdentifier>{67DA6AB6-F800-4c08-8B7A-83BB121AAD01}</UniqueIdentifier>
      <Extensions>rc;ico;cur;bmp;dlg;rc2;rct;bin;rgs;gif;jpg;jpeg;jpe;resx;tiff;tif;png;wav</Extensions>
    </Filter>
    <Filter Include="Source Files\physics">
      <UniqueIdentifier>{21f896ac-7957-4119-a723-2fc7c0c87107}</UniqueIdentifier>
    </Filter>
    <Filter Include="Source Files\mapEdit">
      <UniqueIdentifier>{d6a52ab1-7061-49b4-abf9-f091e66ca610}</UniqueIdentifier>
    </Filter>
    <Filter Include="Source Files\items">
      <UniqueIdentifier>{49c8eb77-e621-4f7b-b8f2-4f10bad43365}</UniqueIdentifier>
    </Filter>
    <Filter Include="Source Files\windows">
      <UniqueIdentifier>{0c2c63e5-c7b6-404f-8d3c-d6c06b44e4d8}</UniqueIdentifier>
    </Filter>
    <Filter Include="Source Files\hexRender">
      <UniqueIdentifier>{e69ea2c0-f502-4034-8dfe-14eec42ee71f}</UniqueIdentifier>
    </Filter>
  </ItemGroup>
  <ItemGroup>
    <ClCompile Include="src\3DtestApp.cpp">
      <Filter>Source Files</Filter>
    </ClCompile>
    <ClCompile Include="src\main.cpp">
      <Filter>Source Files</Filter>
    </ClCompile>
    <ClCompile Include="src\GUIgamePanel.cpp">
      <Filter>Source Files</Filter>
    </ClCompile>
    <ClCompile Include="src\GUIrichTextPanel.cpp">
      <Filter>Source Files</Filter>
    </ClCompile>
    <ClCompile Include="src\hexWorld.cpp">
      <Filter>Source Files</Filter>
    </ClCompile>
    <ClCompile Include="src\robot.cpp">
      <Filter>Source Files</Filter>
    </ClCompile>
    <ClCompile Include="src\playerHexObj.cpp">
      <Filter>Source Files</Filter>
    </ClCompile>
    <ClCompile Include="src\mapMaker.cpp">
      <Filter>Source Files</Filter>
    </ClCompile>
    <ClCompile Include="src\gameHexArray.cpp">
      <Filter>Source Files</Filter>
    </ClCompile>
    <ClCompile Include="src\gameWin.cpp">
      <Filter>Source Files</Filter>
    </ClCompile>
    <ClCompile Include="src\gameTextWin.cpp">
      <Filter>Source Files</Filter>
    </ClCompile>
    <ClCompile Include="src\door.cpp">
      <Filter>Source Files</Filter>
    </ClCompile>
    <ClCompile Include="src\viewField.cpp">
      <Filter>Source Files</Filter>
    </ClCompile>
    <ClCompile Include="src\gameState.cpp">
      <Filter>Source Files</Filter>
    </ClCompile>
    <ClCompile Include="src\missile.cpp">
      <Filter>Source Files</Filter>
    </ClCompile>
    <ClCompile Include="src\hexRenderer.cpp">
      <Filter>Source Files</Filter>
    </ClCompile>
    <ClCompile Include="src\explosion.cpp">
      <Filter>Source Files</Filter>
    </ClCompile>
    <ClCompile Include="src\gameGui.cpp">
      <Filter>Source Files</Filter>
    </ClCompile>
    <ClCompile Include="src\physics\phys.cpp">
      <Filter>Source Files\physics</Filter>
    </ClCompile>
    <ClCompile Include="src\physics\hexPhysics.cpp">
      <Filter>Source Files\physics</Filter>
    </ClCompile>
    <ClCompile Include="src\entity.cpp">
      <Filter>Source Files</Filter>
    </ClCompile>
    <ClCompile Include="src\mapEdit\mapEdit.cpp">
      <Filter>Source Files\mapEdit</Filter>
    </ClCompile>
    <ClCompile Include="src\mapEdit\mapPatch.cpp">
      <Filter>Source Files\mapEdit</Filter>
    </ClCompile>
    <ClCompile Include="src\spawner.cpp">
      <Filter>Source Files</Filter>
    </ClCompile>
    <ClCompile Include="src\roboState.cpp">
      <Filter>Source Files</Filter>
    </ClCompile>
    <ClCompile Include="src\items\gun.cpp">
      <Filter>Source Files\items</Filter>
    </ClCompile>
    <ClCompile Include="src\items\item.cpp">
      <Filter>Source Files\items</Filter>
    </ClCompile>
    <ClCompile Include="src\items\armour.cpp">
      <Filter>Source Files\items</Filter>
    </ClCompile>
    <ClCompile Include="src\windows\smartWin.cpp">
      <Filter>Source Files\windows</Filter>
    </ClCompile>
    <ClCompile Include="src\windows\inventoryWin.cpp">
      <Filter>Source Files\windows</Filter>
    </ClCompile>
    <ClCompile Include="src\windows\itemMenu.cpp">
      <Filter>Source Files\windows</Filter>
    </ClCompile>
    <ClCompile Include="src\windows\examWin.cpp">
      <Filter>Source Files\windows</Filter>
    </ClCompile>
    <ClCompile Include="src\windows\nearWin.cpp">
      <Filter>Source Files\windows</Filter>
    </ClCompile>
    <ClCompile Include="src\hexRender\hexRender.cpp">
      <Filter>Source Files\hexRender</Filter>
    </ClCompile>
    <ClCompile Include="src\hexRender\drawFunc.cpp">
      <Filter>Source Files\hexRender</Filter>
    </ClCompile>
    <ClCompile Include="src\hexRender\entityDraw.cpp">
      <Filter>Source Files\hexRender</Filter>
    </ClCompile>
    <ClCompile Include="src\hexRender\itemDraw.cpp">
      <Filter>Source Files\hexRender</Filter>
    </ClCompile>
    <ClCompile Include="src\hexRender\splodeDraw.cpp">
      <Filter>Source Files\hexRender</Filter>
    </ClCompile>
    <ClCompile Include="src\hexRender\graphics.cpp">
      <Filter>Source Files\hexRender</Filter>
    </ClCompile>
    <ClCompile Include="src\hexRender\destGraphic.cpp">
      <Filter>Source Files\hexRender</Filter>
    </ClCompile>
    <ClCompile Include="src\hexRender\avoidGraphic.cpp">
      <Filter>Source Files\hexRender</Filter>
    </ClCompile>
  </ItemGroup>
  <ItemGroup>
    <ClInclude Include="src\3DtestApp.h">
      <Filter>Header Files</Filter>
    </ClInclude>
    <ClInclude Include="src\GUIgamePanel.h">
      <Filter>Source Files</Filter>
    </ClInclude>
    <ClInclude Include="src\GUIrichTextPanel.h">
      <Filter>Source Files</Filter>
    </ClInclude>
    <ClInclude Include="src\hexWorld.h">
      <Filter>Source Files</Filter>
    </ClInclude>
    <ClInclude Include="src\robot.h">
      <Filter>Source Files</Filter>
    </ClInclude>
    <ClInclude Include="src\playerHexObj.h">
      <Filter>Source Files</Filter>
    </ClInclude>
    <ClInclude Include="src\mapMaker.h">
      <Filter>Source Files</Filter>
    </ClInclude>
    <ClInclude Include="..\TC\Debug\tigConst.h">
      <Filter>Header Files</Filter>
    </ClInclude>
    <ClInclude Include="src\gameHexArray.h">
      <Filter>Source Files</Filter>
    </ClInclude>
    <ClInclude Include="src\gameWin.h">
      <Filter>Source Files</Filter>
    </ClInclude>
    <ClInclude Include="src\gameTextWin.h">
      <Filter>Source Files</Filter>
    </ClInclude>
    <ClInclude Include="src\door.h">
      <Filter>Source Files</Filter>
    </ClInclude>
    <ClInclude Include="src\powerUser.h">
      <Filter>Source Files</Filter>
    </ClInclude>
    <ClInclude Include="src\hexMsg.h">
      <Filter>Source Files</Filter>
    </ClInclude>
    <ClInclude Include="src\gameMsg.h">
      <Filter>Source Files</Filter>
    </ClInclude>
    <ClInclude Include="src\gameEvents.h">
      <Filter>Source Files</Filter>
    </ClInclude>
    <ClInclude Include="src\viewField.h">
      <Filter>Source Files</Filter>
    </ClInclude>
    <ClInclude Include="src\gameState.h">
      <Filter>Source Files</Filter>
    </ClInclude>
    <ClInclude Include="src\missile.h">
      <Filter>Source Files</Filter>
    </ClInclude>
    <ClInclude Include="src\hexRenderer.h">
      <Filter>Source Files</Filter>
    </ClInclude>
    <ClInclude Include="src\explosion.h">
      <Filter>Source Files</Filter>
    </ClInclude>
    <ClInclude Include="src\gameGui.h">
      <Filter>Source Files</Filter>
    </ClInclude>
    <ClInclude Include="src\physics\phys.h">
      <Filter>Source Files\physics</Filter>
    </ClInclude>
    <ClInclude Include="src\physics\hexPhysics.h">
      <Filter>Source Files\physics</Filter>
    </ClInclude>
    <ClInclude Include="src\entity.h">
      <Filter>Source Files</Filter>
    </ClInclude>
    <ClInclude Include="src\mapEdit\mapEdit.h">
      <Filter>Source Files\mapEdit</Filter>
    </ClInclude>
    <ClInclude Include="src\mapEdit\mapPatch.h">
      <Filter>Source Files\mapEdit</Filter>
    </ClInclude>
    <ClInclude Include="src\spawner.h">
      <Filter>Source Files</Filter>
    </ClInclude>
    <ClInclude Include="src\roboState.h">
      <Filter>Source Files</Filter>
    </ClInclude>
    <ClInclude Include="src\items\gun.h">
      <Filter>Source Files\items</Filter>
    </ClInclude>
    <ClInclude Include="src\items\item.h">
      <Filter>Source Files\items</Filter>
    </ClInclude>
    <ClInclude Include="src\items\armour.h">
      <Filter>Source Files\items</Filter>
    </ClInclude>
    <ClInclude Include="src\windows\smartWin.h">
      <Filter>Source Files\windows</Filter>
    </ClInclude>
    <ClInclude Include="src\windows\inventoryWin.h">
      <Filter>Source Files\windows</Filter>
    </ClInclude>
    <ClInclude Include="src\windows\itemMenu.h">
      <Filter>Source Files\windows</Filter>
    </ClInclude>
    <ClInclude Include="src\windows\examWin.h">
      <Filter>Source Files\windows</Filter>
    </ClInclude>
    <ClInclude Include="src\windows\nearWin.h">
      <Filter>Source Files\windows</Filter>
    </ClInclude>
    <ClInclude Include="src\hexRender\hexRender.h">
      <Filter>Source Files\hexRender</Filter>
    </ClInclude>
    <ClInclude Include="src\hexRender\drawFunc.h">
      <Filter>Source Files\hexRender</Filter>
    </ClInclude>
    <ClInclude Include="src\hexRender\entityDraw.h">
      <Filter>Source Files\hexRender</Filter>
    </ClInclude>
    <ClInclude Include="src\hexRender\itemDraw.h">
      <Filter>Source Files\hexRender</Filter>
    </ClInclude>
    <ClInclude Include="src\hexRender\splodeDraw.h">
      <Filter>Source Files\hexRender</Filter>
    </ClInclude>
    <ClInclude Include="src\hexRender\drawData.h">
      <Filter>Source Files\hexRender</Filter>
    </ClInclude>
    <ClInclude Include="src\hexRender\graphics.h">
      <Filter>Source Files\hexRender</Filter>
    </ClInclude>
    <ClInclude Include="src\hexRender\destGraphic.h">
      <Filter>Source Files\hexRender</Filter>
    </ClInclude>
    <ClInclude Include="src\hexRender\avoidGraphic.h">
      <Filter>Source Files\hexRender</Filter>
    </ClInclude>
  </ItemGroup>
</Project>