<?xml version="1.0" encoding="utf-8"?>
<Project ToolsVersion="4.0" xmlns="http://schemas.microsoft.com/developer/msbuild/2003">
  <ItemGroup>
    <Filter Include="Source Files">
      <UniqueIdentifier>{4FC737F1-C7A5-4376-A066-2A32D752A2FF}</UniqueIdentifier>
      <Extensions>cpp;c;cc;cxx;def;odl;idl;hpj;bat;asm;asmx</Extensions>
    </Filter>
    <Filter Include="Header Files">
      <UniqueIdentifier>{93995380-89BD-4b04-88EB-625FBE52EBFB}</UniqueIdentifier>
      <Extensions>h;hh;hpp;hxx;hm;inl;inc;xsd</Extensions>
    </Filter>
    <Filter Include="Resource Files">
      <UniqueIdentifier>{67DA6AB6-F800-4c08-8B7A-83BB121AAD01}</UniqueIdentifier>
      <Extensions>rc;ico;cur;bmp;dlg;rc2;rct;bin;rgs;gif;jpg;jpeg;jpe;resx;tiff;tif;png;wav</Extensions>
    </Filter>
  </ItemGroup>
  <ItemGroup>
    <ClCompile Include="src\3DtestApp.cpp">
      <Filter>Source Files</Filter>
    </ClCompile>
    <ClCompile Include="src\main.cpp">
      <Filter>Source Files</Filter>
    </ClCompile>
    <ClCompile Include="src\gameTerrain.cpp">
      <Filter>Source Files</Filter>
    </ClCompile>
    <ClCompile Include="src\worldUI.cpp">
      <Filter>Source Files</Filter>
    </ClCompile>
    <ClCompile Include="src\localHotList.cpp">
      <Filter>Source Files</Filter>
    </ClCompile>
    <ClCompile Include="src\GUIgamePanel.cpp">
      <Filter>Source Files</Filter>
    </ClCompile>
    <ClCompile Include="src\GUIrichTextPanel.cpp">
      <Filter>Source Files</Filter>
    </ClCompile>
    <ClCompile Include="src\GUIdistributor.cpp">
      <Filter>Source Files</Filter>
    </ClCompile>
    <ClCompile Include="src\GUIhealthPanel.cpp">
      <Filter>Source Files</Filter>
    </ClCompile>
    <ClCompile Include="src\hexWorld.cpp">
      <Filter>Source Files</Filter>
    </ClCompile>
    <ClCompile Include="src\robot.cpp">
      <Filter>Source Files</Filter>
    </ClCompile>
    <ClCompile Include="src\playerHexObj.cpp">
      <Filter>Source Files</Filter>
    </ClCompile>
    <ClCompile Include="src\mapMaker.cpp">
      <Filter>Source Files</Filter>
    </ClCompile>
    <ClCompile Include="src\gamehextObj.cpp">
      <Filter>Source Files</Filter>
    </ClCompile>
    <ClCompile Include="src\gameHexArray.cpp">
      <Filter>Source Files</Filter>
    </ClCompile>
    <ClCompile Include="src\hexItem.cpp">
      <Filter>Source Files</Filter>
    </ClCompile>
    <ClCompile Include="src\groupItem.cpp">
      <Filter>Source Files</Filter>
    </ClCompile>
    <ClCompile Include="src\gridObj.cpp">
      <Filter>Source Files</Filter>
    </ClCompile>
    <ClCompile Include="src\bolt.cpp">
      <Filter>Source Files</Filter>
    </ClCompile>
    <ClCompile Include="src\gameWin.cpp">
      <Filter>Source Files</Filter>
    </ClCompile>
    <ClCompile Include="src\gameTextWin.cpp">
      <Filter>Source Files</Filter>
    </ClCompile>
    <ClCompile Include="src\door.cpp">
      <Filter>Source Files</Filter>
    </ClCompile>
    <ClCompile Include="src\fireable.cpp">
      <Filter>Source Files</Filter>
    </ClCompile>
    <ClCompile Include="src\powerSupply.cpp">
      <Filter>Source Files</Filter>
    </ClCompile>
    <ClCompile Include="src\qps.cpp">
      <Filter>Source Files</Filter>
    </ClCompile>
    <ClCompile Include="src\viewField.cpp">
      <Filter>Source Files</Filter>
    </ClCompile>
    <ClCompile Include="src\gameState.cpp">
      <Filter>Source Files</Filter>
    </ClCompile>
    <ClCompile Include="src\sprite.cpp">
      <Filter>Source Files</Filter>
    </ClCompile>
    <ClCompile Include="src\missile.cpp">
      <Filter>Source Files</Filter>
    </ClCompile>
    <ClCompile Include="src\hexRenderer.cpp">
      <Filter>Source Files</Filter>
    </ClCompile>
    <ClCompile Include="src\explosion.cpp">
      <Filter>Source Files</Filter>
    </ClCompile>
  </ItemGroup>
  <ItemGroup>
    <ClInclude Include="src\3DtestApp.h">
      <Filter>Header Files</Filter>
    </ClInclude>
    <ClInclude Include="src\gameTerrain.h">
      <Filter>Header Files</Filter>
    </ClInclude>
    <ClInclude Include="src\localHotList.h">
      <Filter>Source Files</Filter>
    </ClInclude>
    <ClInclude Include="src\GUIgamePanel.h">
      <Filter>Source Files</Filter>
    </ClInclude>
    <ClInclude Include="src\GUIrichTextPanel.h">
      <Filter>Source Files</Filter>
    </ClInclude>
    <ClInclude Include="src\GUIdistributor.h">
      <Filter>Source Files</Filter>
    </ClInclude>
    <ClInclude Include="src\GUIhealthPanel.h">
      <Filter>Source Files</Filter>
    </ClInclude>
    <ClInclude Include="src\hexWorld.h">
      <Filter>Source Files</Filter>
    </ClInclude>
    <ClInclude Include="src\robot.h">
      <Filter>Source Files</Filter>
    </ClInclude>
    <ClInclude Include="src\playerHexObj.h">
      <Filter>Source Files</Filter>
    </ClInclude>
    <ClInclude Include="src\mapMaker.h">
      <Filter>Source Files</Filter>
    </ClInclude>
    <ClInclude Include="..\TC\Debug\tigConst.h">
      <Filter>Header Files</Filter>
    </ClInclude>
    <ClInclude Include="src\gamehextObj.h">
      <Filter>Source Files</Filter>
    </ClInclude>
    <ClInclude Include="src\gameHexArray.h">
      <Filter>Source Files</Filter>
    </ClInclude>
    <ClInclude Include="src\hexItem.h">
      <Filter>Source Files</Filter>
    </ClInclude>
    <ClInclude Include="src\groupItem.h">
      <Filter>Source Files</Filter>
    </ClInclude>
    <ClInclude Include="src\gridObj.h">
      <Filter>Source Files</Filter>
    </ClInclude>
    <ClInclude Include="src\bolt.h">
      <Filter>Source Files</Filter>
    </ClInclude>
    <ClInclude Include="src\gameWin.h">
      <Filter>Source Files</Filter>
    </ClInclude>
    <ClInclude Include="src\gameTextWin.h">
      <Filter>Source Files</Filter>
    </ClInclude>
    <ClInclude Include="src\door.h">
      <Filter>Source Files</Filter>
    </ClInclude>
    <ClInclude Include="src\fireable.h">
      <Filter>Source Files</Filter>
    </ClInclude>
    <ClInclude Include="src\powerSupply.h">
      <Filter>Source Files</Filter>
    </ClInclude>
    <ClInclude Include="src\powerUser.h">
      <Filter>Source Files</Filter>
    </ClInclude>
    <ClInclude Include="src\hexMsg.h">
      <Filter>Source Files</Filter>
    </ClInclude>
    <ClInclude Include="src\gameMsg.h">
      <Filter>Source Files</Filter>
    </ClInclude>
    <ClInclude Include="src\gameEvents.h">
      <Filter>Source Files</Filter>
    </ClInclude>
    <ClInclude Include="src\qps.h">
      <Filter>Source Files</Filter>
    </ClInclude>
    <ClInclude Include="src\viewField.h">
      <Filter>Source Files</Filter>
    </ClInclude>
    <ClInclude Include="src\gameState.h">
      <Filter>Source Files</Filter>
    </ClInclude>
    <ClInclude Include="src\sprite.h">
      <Filter>Source Files</Filter>
    </ClInclude>
    <ClInclude Include="src\missile.h">
      <Filter>Source Files</Filter>
    </ClInclude>
    <ClInclude Include="src\hexRenderer.h">
      <Filter>Source Files</Filter>
    </ClInclude>
    <ClInclude Include="src\IHexRenderer.h">
      <Filter>Source Files</Filter>
    </ClInclude>
    <ClInclude Include="src\explosion.h">
      <Filter>Source Files</Filter>
    </ClInclude>
  </ItemGroup>
</Project>